
Microsoft Visual Studio Solution File, Format Version 12.00
# Visual Studio Version 17
VisualStudioVersion = 17.13.35806.99 d17.13
MinimumVisualStudioVersion = 10.0.40219.1
Project("{FAE04EC0-301F-11D3-BF4B-00C04F79EFBC}") = "Polymorphism", "Polymorphism\Polymorphism.csproj", "{7CEBCB21-1D4E-492B-B1B8-1D2A18A1180C}"
EndProject
Global
	GlobalSection(SolutionConfigurationPlatforms) = preSolution
		Debug|Any CPU = Debug|Any CPU
		Release|Any CPU = Release|Any CPU
	EndGlobalSection
	GlobalSection(ProjectConfigurationPlatforms) = postSolution
		{7CEBCB21-1D4E-492B-B1B8-1D2A18A1180C}.Debug|Any CPU.ActiveCfg = Debug|Any CPU
		{7CEBCB21-1D4E-492B-B1B8-1D2A18A1180C}.Debug|Any CPU.Build.0 = Debug|Any CPU
		{7CEBCB21-1D4E-492B-B1B8-1D2A18A1180C}.Release|Any CPU.ActiveCfg = Release|Any CPU
		{7CEBCB21-1D4E-492B-B1B8-1D2A18A1180C}.Release|Any CPU.Build.0 = Release|Any CPU
	EndGlobalSection
	GlobalSection(SolutionProperties) = preSolution
		HideSolutionNode = FALSE
	EndGlobalSection
	GlobalSection(ExtensibilityGlobals) = postSolution
		SolutionGuid = {B4BD1453-51B7-4C6D-9A52-BB6A07B19984}
	EndGlobalSection
EndGlobal
